
Microsoft Visual Studio Solution File, Format Version 12.00
# Visual Studio Version 17
VisualStudioVersion = 17.5.002.0
MinimumVisualStudioVersion = 10.0.40219.1
Project("{9A19103F-16F7-4668-BE54-9A1E7A4F7556}") = "FifteenPuzzle.Solver.Cli", "FifteenPuzzle.Solver.CLI\FifteenPuzzle.Solver.CLI.csproj", "{8028636E-7F7D-430A-97B3-73A8BC553A9B}"
EndProject
Project("{9A19103F-16F7-4668-BE54-9A1E7A4F7556}") = "FifteenPuzzle.Solvers.Tests", "FifteenPuzzle.Solvers.Tests\FifteenPuzzle.Solvers.Tests.csproj", "{30C14124-C8AA-4C77-B412-4B6E1906BAD1}"
EndProject
Project("{FAE04EC0-301F-11D3-BF4B-00C04F79EFBC}") = "FifteenPuzzle.Game", "FifteenPuzzle.Game\FifteenPuzzle.Game.csproj", "{0282880F-9239-4CDE-83AB-0C054B012C18}"
EndProject
Project("{FAE04EC0-301F-11D3-BF4B-00C04F79EFBC}") = "FifteenPuzzle.Solvers", "FifteenPuzzle.Solvers\FifteenPuzzle.Solvers.csproj", "{486D0311-ED8A-498A-8DE8-8BCF52E8CAF2}"
EndProject
Project("{FAE04EC0-301F-11D3-BF4B-00C04F79EFBC}") = "FifteenPuzzle.Brokers", "FifteenPuzzle.Brokers\FifteenPuzzle.Brokers.csproj", "{E82C746D-6E14-4718-B19E-F45D45C764A5}"
EndProject
Project("{FAE04EC0-301F-11D3-BF4B-00C04F79EFBC}") = "FifteenPuzzle.Api", "FifteenPuzzle.Api\FifteenPuzzle.Api.csproj", "{D1815D42-0419-4B65-8AD2-F51314FFDBB9}"
EndProject
Project("{FAE04EC0-301F-11D3-BF4B-00C04F79EFBC}") = "FifteenPuzzle.Api.Contracts", "FifteenPuzzle.Api.Contracts\FifteenPuzzle.Api.Contracts.csproj", "{BA10C11B-8BFD-482F-B358-DA64A940C893}"
EndProject
Project("{FAE04EC0-301F-11D3-BF4B-00C04F79EFBC}") = "FifteenPuzzle.Tests.Common", "FifteenPuzzle.Tests.Common\FifteenPuzzle.Tests.Common.csproj", "{60F130EC-F2A3-4360-90ED-30146A644C26}"
EndProject
Project("{FAE04EC0-301F-11D3-BF4B-00C04F79EFBC}") = "FifteenPuzzle.Api.Tests", "FifteenPuzzle.Api.Tests\FifteenPuzzle.Api.Tests.csproj", "{B6F650E6-41E1-4FC7-BC0C-C092B6D3FF00}"
EndProject
Project("{FAE04EC0-301F-11D3-BF4B-00C04F79EFBC}") = "FifteenPuzzle.Cli.Tools", "FifteenPuzzle.Cli.Tools\FifteenPuzzle.Cli.Tools.csproj", "{8B7A7E1C-B376-473B-9EDC-40186748D4F8}"
EndProject
Project("{FAE04EC0-301F-11D3-BF4B-00C04F79EFBC}") = "FifteenPuzzle.Cli.Tools.Tests", "FifteenPuzzle.Cli.Tools.Tests\FifteenPuzzle.Cli.Tools.Tests.csproj", "{F4CAAD42-218E-49D6-8D13-F11FF04CA954}"
EndProject
Project("{FAE04EC0-301F-11D3-BF4B-00C04F79EFBC}") = "FifteenPuzzle.Play.Cli", "FifteenPuzzle.Play.Cli\FifteenPuzzle.Play.Cli.csproj", "{1EB0CA1C-1361-4E5D-B6F4-6E5478D5ADB5}"
EndProject
Project("{FAE04EC0-301F-11D3-BF4B-00C04F79EFBC}") = "FifteenPuzzle.Play.Cli.Tests", "FifteenPuzzle.Play.Cli.Tests\FifteenPuzzle.Play.Cli.Tests.csproj", "{43718ED0-70FD-40C3-BF94-50571F795133}"
EndProject
Global
	GlobalSection(SolutionConfigurationPlatforms) = preSolution
		Debug|Any CPU = Debug|Any CPU
		Release|Any CPU = Release|Any CPU
	EndGlobalSection
	GlobalSection(ProjectConfigurationPlatforms) = postSolution
		{8028636E-7F7D-430A-97B3-73A8BC553A9B}.Debug|Any CPU.ActiveCfg = Debug|Any CPU
		{8028636E-7F7D-430A-97B3-73A8BC553A9B}.Debug|Any CPU.Build.0 = Debug|Any CPU
		{8028636E-7F7D-430A-97B3-73A8BC553A9B}.Release|Any CPU.ActiveCfg = Release|Any CPU
		{8028636E-7F7D-430A-97B3-73A8BC553A9B}.Release|Any CPU.Build.0 = Release|Any CPU
		{30C14124-C8AA-4C77-B412-4B6E1906BAD1}.Debug|Any CPU.ActiveCfg = Debug|Any CPU
		{30C14124-C8AA-4C77-B412-4B6E1906BAD1}.Debug|Any CPU.Build.0 = Debug|Any CPU
		{30C14124-C8AA-4C77-B412-4B6E1906BAD1}.Release|Any CPU.ActiveCfg = Release|Any CPU
		{30C14124-C8AA-4C77-B412-4B6E1906BAD1}.Release|Any CPU.Build.0 = Release|Any CPU
		{0282880F-9239-4CDE-83AB-0C054B012C18}.Debug|Any CPU.ActiveCfg = Debug|Any CPU
		{0282880F-9239-4CDE-83AB-0C054B012C18}.Debug|Any CPU.Build.0 = Debug|Any CPU
		{0282880F-9239-4CDE-83AB-0C054B012C18}.Release|Any CPU.ActiveCfg = Release|Any CPU
		{0282880F-9239-4CDE-83AB-0C054B012C18}.Release|Any CPU.Build.0 = Release|Any CPU
		{486D0311-ED8A-498A-8DE8-8BCF52E8CAF2}.Debug|Any CPU.ActiveCfg = Debug|Any CPU
		{486D0311-ED8A-498A-8DE8-8BCF52E8CAF2}.Debug|Any CPU.Build.0 = Debug|Any CPU
		{486D0311-ED8A-498A-8DE8-8BCF52E8CAF2}.Release|Any CPU.ActiveCfg = Release|Any CPU
		{486D0311-ED8A-498A-8DE8-8BCF52E8CAF2}.Release|Any CPU.Build.0 = Release|Any CPU
		{E82C746D-6E14-4718-B19E-F45D45C764A5}.Debug|Any CPU.ActiveCfg = Debug|Any CPU
		{E82C746D-6E14-4718-B19E-F45D45C764A5}.Debug|Any CPU.Build.0 = Debug|Any CPU
		{E82C746D-6E14-4718-B19E-F45D45C764A5}.Release|Any CPU.ActiveCfg = Release|Any CPU
		{E82C746D-6E14-4718-B19E-F45D45C764A5}.Release|Any CPU.Build.0 = Release|Any CPU
		{D1815D42-0419-4B65-8AD2-F51314FFDBB9}.Debug|Any CPU.ActiveCfg = Debug|Any CPU
		{D1815D42-0419-4B65-8AD2-F51314FFDBB9}.Debug|Any CPU.Build.0 = Debug|Any CPU
		{D1815D42-0419-4B65-8AD2-F51314FFDBB9}.Release|Any CPU.ActiveCfg = Release|Any CPU
		{D1815D42-0419-4B65-8AD2-F51314FFDBB9}.Release|Any CPU.Build.0 = Release|Any CPU
		{BA10C11B-8BFD-482F-B358-DA64A940C893}.Debug|Any CPU.ActiveCfg = Debug|Any CPU
		{BA10C11B-8BFD-482F-B358-DA64A940C893}.Debug|Any CPU.Build.0 = Debug|Any CPU
		{BA10C11B-8BFD-482F-B358-DA64A940C893}.Release|Any CPU.ActiveCfg = Release|Any CPU
		{BA10C11B-8BFD-482F-B358-DA64A940C893}.Release|Any CPU.Build.0 = Release|Any CPU
		{60F130EC-F2A3-4360-90ED-30146A644C26}.Debug|Any CPU.ActiveCfg = Debug|Any CPU
		{60F130EC-F2A3-4360-90ED-30146A644C26}.Debug|Any CPU.Build.0 = Debug|Any CPU
		{60F130EC-F2A3-4360-90ED-30146A644C26}.Release|Any CPU.ActiveCfg = Release|Any CPU
		{60F130EC-F2A3-4360-90ED-30146A644C26}.Release|Any CPU.Build.0 = Release|Any CPU
		{B6F650E6-41E1-4FC7-BC0C-C092B6D3FF00}.Debug|Any CPU.ActiveCfg = Debug|Any CPU
		{B6F650E6-41E1-4FC7-BC0C-C092B6D3FF00}.Debug|Any CPU.Build.0 = Debug|Any CPU
		{B6F650E6-41E1-4FC7-BC0C-C092B6D3FF00}.Release|Any CPU.ActiveCfg = Release|Any CPU
		{B6F650E6-41E1-4FC7-BC0C-C092B6D3FF00}.Release|Any CPU.Build.0 = Release|Any CPU
		{8B7A7E1C-B376-473B-9EDC-40186748D4F8}.Debug|Any CPU.ActiveCfg = Debug|Any CPU
		{8B7A7E1C-B376-473B-9EDC-40186748D4F8}.Debug|Any CPU.Build.0 = Debug|Any CPU
		{8B7A7E1C-B376-473B-9EDC-40186748D4F8}.Release|Any CPU.ActiveCfg = Release|Any CPU
		{8B7A7E1C-B376-473B-9EDC-40186748D4F8}.Release|Any CPU.Build.0 = Release|Any CPU
		{F4CAAD42-218E-49D6-8D13-F11FF04CA954}.Debug|Any CPU.ActiveCfg = Debug|Any CPU
		{F4CAAD42-218E-49D6-8D13-F11FF04CA954}.Debug|Any CPU.Build.0 = Debug|Any CPU
		{F4CAAD42-218E-49D6-8D13-F11FF04CA954}.Release|Any CPU.ActiveCfg = Release|Any CPU
		{F4CAAD42-218E-49D6-8D13-F11FF04CA954}.Release|Any CPU.Build.0 = Release|Any CPU
		{1EB0CA1C-1361-4E5D-B6F4-6E5478D5ADB5}.Debug|Any CPU.ActiveCfg = Debug|Any CPU
		{1EB0CA1C-1361-4E5D-B6F4-6E5478D5ADB5}.Debug|Any CPU.Build.0 = Debug|Any CPU
		{1EB0CA1C-1361-4E5D-B6F4-6E5478D5ADB5}.Release|Any CPU.ActiveCfg = Release|Any CPU
		{1EB0CA1C-1361-4E5D-B6F4-6E5478D5ADB5}.Release|Any CPU.Build.0 = Release|Any CPU
		{43718ED0-70FD-40C3-BF94-50571F795133}.Debug|Any CPU.ActiveCfg = Debug|Any CPU
		{43718ED0-70FD-40C3-BF94-50571F795133}.Debug|Any CPU.Build.0 = Debug|Any CPU
		{43718ED0-70FD-40C3-BF94-50571F795133}.Release|Any CPU.ActiveCfg = Release|Any CPU
		{43718ED0-70FD-40C3-BF94-50571F795133}.Release|Any CPU.Build.0 = Release|Any CPU
	EndGlobalSection
	GlobalSection(SolutionProperties) = preSolution
		HideSolutionNode = FALSE
	EndGlobalSection
	GlobalSection(ExtensibilityGlobals) = postSolution
		SolutionGuid = {3687D173-E7AB-4503-A3B6-495DC2C1AE8D}
	EndGlobalSection
EndGlobal
